
Microsoft Visual Studio Solution File, Format Version 12.00
# Visual Studio Version 16
VisualStudioVersion = 16.0.31515.178
MinimumVisualStudioVersion = 10.0.40219.1
Project("{FAE04EC0-301F-11D3-BF4B-00C04F79EFBC}") = "OurCar.Web", "OurCar.Web\OurCar.Web.csproj", "{4D3C1231-7099-4939-8901-B32AC7A031CE}"
EndProject
Project("{FAE04EC0-301F-11D3-BF4B-00C04F79EFBC}") = "OurCar.Api", "OurCar.Api\OurCar.Api.csproj", "{873EFFCD-9C27-4309-BA34-EF9558442C6A}"
EndProject
Project("{FAE04EC0-301F-11D3-BF4B-00C04F79EFBC}") = "OurCar.Api.Infrastructure", "OurCar.Api.Infrastructure\OurCar.Api.Infrastructure.csproj", "{1F948259-F0D6-47DE-B5D0-6F99347B0691}"
EndProject
Project("{FAE04EC0-301F-11D3-BF4B-00C04F79EFBC}") = "OurCar.Entity", "OurCar.Entity\OurCar.Entity.csproj", "{1D613FC1-C3DC-47FB-A76E-66F30B1EE138}"
EndProject
Project("{FAE04EC0-301F-11D3-BF4B-00C04F79EFBC}") = "OurCar.Model", "OurCar.Model\OurCar.Model.csproj", "{D639C08D-F72C-439E-A7BA-29EBE8634CBD}"
EndProject
Project("{FAE04EC0-301F-11D3-BF4B-00C04F79EFBC}") = "OurCar.Database.Sql", "OurCar.Database.Sql\OurCar.Database.Sql.csproj", "{46719B00-B878-4D6D-84F5-F168E5E6A616}"
EndProject
Project("{FAE04EC0-301F-11D3-BF4B-00C04F79EFBC}") = "OurCar.Common", "OurCar.Common\OurCar.Common.csproj", "{11588B0F-5FA0-4EC5-A308-AE7288F7B006}"
EndProject
Project("{FAE04EC0-301F-11D3-BF4B-00C04F79EFBC}") = "OurCar.Service", "OurCar.Service\OurCar.Service.csproj", "{F7172230-1536-4DF9-9FE3-C553F9F5535A}"
EndProject
Project("{FAE04EC0-301F-11D3-BF4B-00C04F79EFBC}") = "OurCar.Repository.Contract", "OurCar.Repository.Contract\OurCar.Repository.Contract.csproj", "{BB7095E9-9BEE-45F6-9A6A-82A3EE5AA68D}"
EndProject
Project("{FAE04EC0-301F-11D3-BF4B-00C04F79EFBC}") = "OurCar.Repository.Sql", "OurCar.Repository.Sql\OurCar.Repository.Sql.csproj", "{132CE57E-C6FE-4030-9284-B93ED37B7396}"
EndProject
Project("{FAE04EC0-301F-11D3-BF4B-00C04F79EFBC}") = "OurCar.Notification.Contract", "OurCar.Notification.Contract\OurCar.Notification.Contract.csproj", "{FA68B83C-CE62-4773-AC7C-BAD8E04BCBDC}"
EndProject
Project("{FAE04EC0-301F-11D3-BF4B-00C04F79EFBC}") = "OurCar.Notification.Email.SMTP", "OurCar.Notification.Email.SMTP\OurCar.Notification.Email.SMTP.csproj", "{A48652AE-1C5B-4DB0-9F8C-0465C52B9CCC}"
EndProject
Project("{FAE04EC0-301F-11D3-BF4B-00C04F79EFBC}") = "OurCar.Notification.Sms.Twillio", "OurCar.Notification.Sms.Twillio\OurCar.Notification.Sms.Twillio.csproj", "{2008DBE1-837B-42E9-BB67-741A75AD8BEC}"
EndProject
Project("{2150E333-8FDC-42A3-9474-1A3956D46DE8}") = "Web", "Web", "{F7CA97AB-F28A-4A2F-A8EF-7FD87AB38DA5}"
EndProject
Project("{2150E333-8FDC-42A3-9474-1A3956D46DE8}") = "Data", "Data", "{B5086ED3-57BD-4F5B-8041-F0DFC318C337}"
EndProject
Project("{2150E333-8FDC-42A3-9474-1A3956D46DE8}") = "Service", "Service", "{E3B9E279-A760-421F-AD67-CBA08FF3B84B}"
EndProject
Project("{2150E333-8FDC-42A3-9474-1A3956D46DE8}") = "Utils", "Utils", "{647595EF-0DDA-44C5-AAAC-1AAF78F1D22E}"
EndProject
Project("{2150E333-8FDC-42A3-9474-1A3956D46DE8}") = "Tests", "Tests", "{08FF3F44-D982-4C0F-9AA6-F03A80C935AD}"
EndProject
Global
	GlobalSection(SolutionConfigurationPlatforms) = preSolution
		Debug|Any CPU = Debug|Any CPU
		Release|Any CPU = Release|Any CPU
	EndGlobalSection
	GlobalSection(ProjectConfigurationPlatforms) = postSolution
		{4D3C1231-7099-4939-8901-B32AC7A031CE}.Debug|Any CPU.ActiveCfg = Debug|Any CPU
		{4D3C1231-7099-4939-8901-B32AC7A031CE}.Debug|Any CPU.Build.0 = Debug|Any CPU
		{4D3C1231-7099-4939-8901-B32AC7A031CE}.Release|Any CPU.ActiveCfg = Release|Any CPU
		{4D3C1231-7099-4939-8901-B32AC7A031CE}.Release|Any CPU.Build.0 = Release|Any CPU
		{873EFFCD-9C27-4309-BA34-EF9558442C6A}.Debug|Any CPU.ActiveCfg = Debug|Any CPU
		{873EFFCD-9C27-4309-BA34-EF9558442C6A}.Debug|Any CPU.Build.0 = Debug|Any CPU
		{873EFFCD-9C27-4309-BA34-EF9558442C6A}.Release|Any CPU.ActiveCfg = Release|Any CPU
		{873EFFCD-9C27-4309-BA34-EF9558442C6A}.Release|Any CPU.Build.0 = Release|Any CPU
		{1F948259-F0D6-47DE-B5D0-6F99347B0691}.Debug|Any CPU.ActiveCfg = Debug|Any CPU
		{1F948259-F0D6-47DE-B5D0-6F99347B0691}.Debug|Any CPU.Build.0 = Debug|Any CPU
		{1F948259-F0D6-47DE-B5D0-6F99347B0691}.Release|Any CPU.ActiveCfg = Release|Any CPU
		{1F948259-F0D6-47DE-B5D0-6F99347B0691}.Release|Any CPU.Build.0 = Release|Any CPU
		{1D613FC1-C3DC-47FB-A76E-66F30B1EE138}.Debug|Any CPU.ActiveCfg = Debug|Any CPU
		{1D613FC1-C3DC-47FB-A76E-66F30B1EE138}.Debug|Any CPU.Build.0 = Debug|Any CPU
		{1D613FC1-C3DC-47FB-A76E-66F30B1EE138}.Release|Any CPU.ActiveCfg = Release|Any CPU
		{1D613FC1-C3DC-47FB-A76E-66F30B1EE138}.Release|Any CPU.Build.0 = Release|Any CPU
		{D639C08D-F72C-439E-A7BA-29EBE8634CBD}.Debug|Any CPU.ActiveCfg = Debug|Any CPU
		{D639C08D-F72C-439E-A7BA-29EBE8634CBD}.Debug|Any CPU.Build.0 = Debug|Any CPU
		{D639C08D-F72C-439E-A7BA-29EBE8634CBD}.Release|Any CPU.ActiveCfg = Release|Any CPU
		{D639C08D-F72C-439E-A7BA-29EBE8634CBD}.Release|Any CPU.Build.0 = Release|Any CPU
		{46719B00-B878-4D6D-84F5-F168E5E6A616}.Debug|Any CPU.ActiveCfg = Debug|Any CPU
		{46719B00-B878-4D6D-84F5-F168E5E6A616}.Debug|Any CPU.Build.0 = Debug|Any CPU
		{46719B00-B878-4D6D-84F5-F168E5E6A616}.Release|Any CPU.ActiveCfg = Release|Any CPU
		{46719B00-B878-4D6D-84F5-F168E5E6A616}.Release|Any CPU.Build.0 = Release|Any CPU
		{11588B0F-5FA0-4EC5-A308-AE7288F7B006}.Debug|Any CPU.ActiveCfg = Debug|Any CPU
		{11588B0F-5FA0-4EC5-A308-AE7288F7B006}.Debug|Any CPU.Build.0 = Debug|Any CPU
		{11588B0F-5FA0-4EC5-A308-AE7288F7B006}.Release|Any CPU.ActiveCfg = Release|Any CPU
		{11588B0F-5FA0-4EC5-A308-AE7288F7B006}.Release|Any CPU.Build.0 = Release|Any CPU
		{F7172230-1536-4DF9-9FE3-C553F9F5535A}.Debug|Any CPU.ActiveCfg = Debug|Any CPU
		{F7172230-1536-4DF9-9FE3-C553F9F5535A}.Debug|Any CPU.Build.0 = Debug|Any CPU
		{F7172230-1536-4DF9-9FE3-C553F9F5535A}.Release|Any CPU.ActiveCfg = Release|Any CPU
		{F7172230-1536-4DF9-9FE3-C553F9F5535A}.Release|Any CPU.Build.0 = Release|Any CPU
		{BB7095E9-9BEE-45F6-9A6A-82A3EE5AA68D}.Debug|Any CPU.ActiveCfg = Debug|Any CPU
		{BB7095E9-9BEE-45F6-9A6A-82A3EE5AA68D}.Debug|Any CPU.Build.0 = Debug|Any CPU
		{BB7095E9-9BEE-45F6-9A6A-82A3EE5AA68D}.Release|Any CPU.ActiveCfg = Release|Any CPU
		{BB7095E9-9BEE-45F6-9A6A-82A3EE5AA68D}.Release|Any CPU.Build.0 = Release|Any CPU
		{132CE57E-C6FE-4030-9284-B93ED37B7396}.Debug|Any CPU.ActiveCfg = Debug|Any CPU
		{132CE57E-C6FE-4030-9284-B93ED37B7396}.Debug|Any CPU.Build.0 = Debug|Any CPU
		{132CE57E-C6FE-4030-9284-B93ED37B7396}.Release|Any CPU.ActiveCfg = Release|Any CPU
		{132CE57E-C6FE-4030-9284-B93ED37B7396}.Release|Any CPU.Build.0 = Release|Any CPU
		{FA68B83C-CE62-4773-AC7C-BAD8E04BCBDC}.Debug|Any CPU.ActiveCfg = Debug|Any CPU
		{FA68B83C-CE62-4773-AC7C-BAD8E04BCBDC}.Debug|Any CPU.Build.0 = Debug|Any CPU
		{FA68B83C-CE62-4773-AC7C-BAD8E04BCBDC}.Release|Any CPU.ActiveCfg = Release|Any CPU
		{FA68B83C-CE62-4773-AC7C-BAD8E04BCBDC}.Release|Any CPU.Build.0 = Release|Any CPU
		{A48652AE-1C5B-4DB0-9F8C-0465C52B9CCC}.Debug|Any CPU.ActiveCfg = Debug|Any CPU
		{A48652AE-1C5B-4DB0-9F8C-0465C52B9CCC}.Debug|Any CPU.Build.0 = Debug|Any CPU
		{A48652AE-1C5B-4DB0-9F8C-0465C52B9CCC}.Release|Any CPU.ActiveCfg = Release|Any CPU
		{A48652AE-1C5B-4DB0-9F8C-0465C52B9CCC}.Release|Any CPU.Build.0 = Release|Any CPU
		{2008DBE1-837B-42E9-BB67-741A75AD8BEC}.Debug|Any CPU.ActiveCfg = Debug|Any CPU
		{2008DBE1-837B-42E9-BB67-741A75AD8BEC}.Debug|Any CPU.Build.0 = Debug|Any CPU
		{2008DBE1-837B-42E9-BB67-741A75AD8BEC}.Release|Any CPU.ActiveCfg = Release|Any CPU
		{2008DBE1-837B-42E9-BB67-741A75AD8BEC}.Release|Any CPU.Build.0 = Release|Any CPU
	EndGlobalSection
	GlobalSection(SolutionProperties) = preSolution
		HideSolutionNode = FALSE
	EndGlobalSection
	GlobalSection(NestedProjects) = preSolution
		{4D3C1231-7099-4939-8901-B32AC7A031CE} = {F7CA97AB-F28A-4A2F-A8EF-7FD87AB38DA5}
		{873EFFCD-9C27-4309-BA34-EF9558442C6A} = {F7CA97AB-F28A-4A2F-A8EF-7FD87AB38DA5}
		{1F948259-F0D6-47DE-B5D0-6F99347B0691} = {F7CA97AB-F28A-4A2F-A8EF-7FD87AB38DA5}
		{1D613FC1-C3DC-47FB-A76E-66F30B1EE138} = {B5086ED3-57BD-4F5B-8041-F0DFC318C337}
		{D639C08D-F72C-439E-A7BA-29EBE8634CBD} = {B5086ED3-57BD-4F5B-8041-F0DFC318C337}
		{46719B00-B878-4D6D-84F5-F168E5E6A616} = {B5086ED3-57BD-4F5B-8041-F0DFC318C337}
		{11588B0F-5FA0-4EC5-A308-AE7288F7B006} = {647595EF-0DDA-44C5-AAAC-1AAF78F1D22E}
		{F7172230-1536-4DF9-9FE3-C553F9F5535A} = {E3B9E279-A760-421F-AD67-CBA08FF3B84B}
		{BB7095E9-9BEE-45F6-9A6A-82A3EE5AA68D} = {B5086ED3-57BD-4F5B-8041-F0DFC318C337}
		{132CE57E-C6FE-4030-9284-B93ED37B7396} = {B5086ED3-57BD-4F5B-8041-F0DFC318C337}
		{FA68B83C-CE62-4773-AC7C-BAD8E04BCBDC} = {647595EF-0DDA-44C5-AAAC-1AAF78F1D22E}
		{A48652AE-1C5B-4DB0-9F8C-0465C52B9CCC} = {647595EF-0DDA-44C5-AAAC-1AAF78F1D22E}
		{2008DBE1-837B-42E9-BB67-741A75AD8BEC} = {647595EF-0DDA-44C5-AAAC-1AAF78F1D22E}
	EndGlobalSection
	GlobalSection(ExtensibilityGlobals) = postSolution
		SolutionGuid = {FEA8FE48-8422-4DC4-ACBE-BA972F4FAC32}
	EndGlobalSection
EndGlobal
